# This file is generated by running "yarn install" inside your project.
# Manual changes might be lost - proceed with caution!

__metadata:
  version: 6
  cacheKey: 8

"flow-bin@npm:^0.174.1":
  version: 0.174.1
  resolution: "flow-bin@npm:0.174.1"
  bin:
    flow: cli.js
  checksum: 02501ae76dc498ebb2e9e5259a6db6a649022ae0a25b4dc87da86e0054567b83d9ab8ecd50a73060c53b40b05ab2bd16010a84a35dbbab2b3c3d28db3b98618d
  languageName: node
  linkType: hard

"flow-deps@workspace:.":
  version: 0.0.0-use.local
  resolution: "flow-deps@workspace:."
  dependencies:
    flow-bin: ^0.174.1
    raf-schd: ^4.0.3
  languageName: unknown
  linkType: soft

"raf-schd@npm:^4.0.3":
  version: 4.0.3
  resolution: "raf-schd@npm:4.0.3"
  checksum: 45514041c5ad31fa96aef3bb3c572a843b92da2f2cd1cb4a47c9ad58e48761d3a4126e18daa32b2bfa0bc2551a42d8f324a0e40e536cb656969929602b4e8b58
  languageName: node
  linkType: hard
