# This file is generated by running "yarn install" inside your project.
# Manual changes might be lost - proceed with caution!

__metadata:
  version: 6
  cacheKey: 8

"flow-deps@workspace:.":
  version: 0.0.0-use.local
  resolution: "flow-deps@workspace:."
  dependencies:
    raf-schd: 4.0.3
    styled-components-theme-connector: 0.1.8
  languageName: unknown
  linkType: soft

"lodash@npm:4.17.21":
  version: 4.17.21
  resolution: "lodash@npm:4.17.21"
  checksum: eb835a2e51d381e561e508ce932ea50a8e5a68f4ebdd771ea240d3048244a8d13658acbd502cd4829768c56f2e16bdd4340b9ea141297d472517b83868e677f7
  languageName: node
  linkType: hard

"raf-schd@npm:4.0.3":
  version: 4.0.3
  resolution: "raf-schd@npm:4.0.3"
  checksum: 45514041c5ad31fa96aef3bb3c572a843b92da2f2cd1cb4a47c9ad58e48761d3a4126e18daa32b2bfa0bc2551a42d8f324a0e40e536cb656969929602b4e8b58
  languageName: node
  linkType: hard

"styled-components-theme-connector@npm:0.1.8":
  version: 0.1.8
  resolution: "styled-components-theme-connector@npm:0.1.8"
  dependencies:
    lodash: 4.17.21
  peerDependencies:
    react: ^17.0.2 || ^18.0.0
    react-dom: ^17.0.2 || ^18.0.0
    styled-components: ^5.2.5
  checksum: 828bbf2e3000875515bf231dd1264da5ee53564e43fa5c6e61af2fb6e458251251ff2ebaead5ef1c31000a7174b29b91832430e49a9a03d3b3c9ac12e509cb67
  languageName: node
  linkType: hard
