# THIS IS AN AUTOGENERATED FILE. DO NOT EDIT THIS FILE DIRECTLY.
# yarn lockfile v1


"@fortawesome/fontawesome-common-types@^0.1.3", "@fortawesome/fontawesome-common-types@^0.1.4":
  version "0.1.4"
  resolved "https://registry.yarnpkg.com/@fortawesome/fontawesome-common-types/-/fontawesome-common-types-0.1.4.tgz#1fbc66f0223646f23c5550c2c12e341078e2c262"

"@fortawesome/fontawesome-free-brands@^5.0.10":
  version "5.0.10"
  resolved "https://registry.yarnpkg.com/@fortawesome/fontawesome-free-brands/-/fontawesome-free-brands-5.0.10.tgz#37f007a2f548682c8bfb7086b7e03dc65758580a"
  dependencies:
    "@fortawesome/fontawesome-common-types" "^0.1.4"

"@fortawesome/fontawesome-free-solid@^5.0.10":
  version "5.0.10"
  resolved "https://registry.yarnpkg.com/@fortawesome/fontawesome-free-solid/-/fontawesome-free-solid-5.0.10.tgz#b54c87d3ce4ffd0546b60d12e898e87b59776c30"
  dependencies:
    "@fortawesome/fontawesome-common-types" "^0.1.4"

"@fortawesome/fontawesome@^1.1.5":
  version "1.1.5"
  resolved "https://registry.yarnpkg.com/@fortawesome/fontawesome/-/fontawesome-1.1.5.tgz#c7cfafdd3364245626293cc670357f9fb8487170"
  dependencies:
    "@fortawesome/fontawesome-common-types" "^0.1.3"

"@fortawesome/react-fontawesome@^0.0.18":
  version "0.0.18"
  resolved "https://registry.yarnpkg.com/@fortawesome/react-fontawesome/-/react-fontawesome-0.0.18.tgz#4e0eb1cf9797715a67bb7705ae084fa0a410f185"
  dependencies:
    humps "^2.0.1"

humps@^2.0.1:
  version "2.0.1"
  resolved "https://registry.yarnpkg.com/humps/-/humps-2.0.1.tgz#dd02ea6081bd0568dc5d073184463957ba9ef9aa"
